// !$*UTF8*$!
{
	archiveVersion = 1;
	classes = {
	};
	objectVersion = 56;
	objects = {

/* Begin PBXBuildFile section */
		4B0847302C29DAB700319A22 /* bovine_trackerApp.swift in Sources */ = {isa = PBXBuildFile; fileRef = 4B08472F2C29DAB700319A22 /* bovine_trackerApp.swift */; };
		4B0847322C29DAB700319A22 /* ContentView.swift in Sources */ = {isa = PBXBuildFile; fileRef = 4B0847312C29DAB700319A22 /* ContentView.swift */; };
		4B0847342C29DAB900319A22 /* Assets.xcassets in Resources */ = {isa = PBXBuildFile; fileRef = 4B0847332C29DAB900319A22 /* Assets.xcassets */; };
		4B0847372C29DAB900319A22 /* Preview Assets.xcassets in Resources */ = {isa = PBXBuildFile; fileRef = 4B0847362C29DAB900319A22 /* Preview Assets.xcassets */; };
		4B08473F2C29DBD700319A22 /* Event.swift in Sources */ = {isa = PBXBuildFile; fileRef = 4B08473E2C29DBD700319A22 /* Event.swift */; };
		4B0847422C29DC1D00319A22 /* EventListView.swift in Sources */ = {isa = PBXBuildFile; fileRef = 4B0847412C29DC1D00319A22 /* EventListView.swift */; };
		4B0847442C29DC3200319A22 /* EventDetailView.swift in Sources */ = {isa = PBXBuildFile; fileRef = 4B0847432C29DC3200319A22 /* EventDetailView.swift */; };
		4B0847462C29DC4C00319A22 /* CreateEventView.swift in Sources */ = {isa = PBXBuildFile; fileRef = 4B0847452C29DC4C00319A22 /* CreateEventView.swift */; };
		4B0847482C29DC5E00319A22 /* QRCodeScannerView.swift in Sources */ = {isa = PBXBuildFile; fileRef = 4B0847472C29DC5E00319A22 /* QRCodeScannerView.swift */; };
		4B08474C2C29DCF100319A22 /* ToastView.swift in Sources */ = {isa = PBXBuildFile; fileRef = 4B08474B2C29DCF100319A22 /* ToastView.swift */; };
		4B0847502C29DF5600319A22 /* Cartfile in Resources */ = {isa = PBXBuildFile; fileRef = 4B08474F2C29DF5600319A22 /* Cartfile */; };
		4BF09F952C29FAF700BE22E4 /* DataBaseManager.swift in Sources */ = {isa = PBXBuildFile; fileRef = 4BF09F942C29FAF700BE22E4 /* DataBaseManager.swift */; };
		4BF09F962C2A007C00BE22E4 /* CouchbaseLiteSwift.xcframework in Frameworks */ = {isa = PBXBuildFile; fileRef = 4BF09F8C2C29F55700BE22E4 /* CouchbaseLiteSwift.xcframework */; };
		4BF09F972C2A007C00BE22E4 /* CouchbaseLiteSwift.xcframework in Embed Frameworks */ = {isa = PBXBuildFile; fileRef = 4BF09F8C2C29F55700BE22E4 /* CouchbaseLiteSwift.xcframework */; settings = {ATTRIBUTES = (CodeSignOnCopy, RemoveHeadersOnCopy, ); }; };
/* End PBXBuildFile section */

/* Begin PBXCopyFilesBuildPhase section */
		4BF09F982C2A007C00BE22E4 /* Embed Frameworks */ = {
			isa = PBXCopyFilesBuildPhase;
			buildActionMask = 2147483647;
			dstPath = "";
			dstSubfolderSpec = 10;
			files = (
				4BF09F972C2A007C00BE22E4 /* CouchbaseLiteSwift.xcframework in Embed Frameworks */,
			);
			name = "Embed Frameworks";
			runOnlyForDeploymentPostprocessing = 0;
		};
/* End PBXCopyFilesBuildPhase section */

/* Begin PBXFileReference section */
		4B08472C2C29DAB700319A22 /* bovine-tracker.app */ = {isa = PBXFileReference; explicitFileType = wrapper.application; includeInIndex = 0; path = "bovine-tracker.app"; sourceTree = BUILT_PRODUCTS_DIR; };
		4B08472F2C29DAB700319A22 /* bovine_trackerApp.swift */ = {isa = PBXFileReference; lastKnownFileType = sourcecode.swift; path = bovine_trackerApp.swift; sourceTree = "<group>"; };
		4B0847312C29DAB700319A22 /* ContentView.swift */ = {isa = PBXFileReference; lastKnownFileType = sourcecode.swift; path = ContentView.swift; sourceTree = "<group>"; };
		4B0847332C29DAB900319A22 /* Assets.xcassets */ = {isa = PBXFileReference; lastKnownFileType = folder.assetcatalog; path = Assets.xcassets; sourceTree = "<group>"; };
		4B0847362C29DAB900319A22 /* Preview Assets.xcassets */ = {isa = PBXFileReference; lastKnownFileType = folder.assetcatalog; path = "Preview Assets.xcassets"; sourceTree = "<group>"; };
		4B08473E2C29DBD700319A22 /* Event.swift */ = {isa = PBXFileReference; lastKnownFileType = sourcecode.swift; path = Event.swift; sourceTree = "<group>"; };
		4B0847412C29DC1D00319A22 /* EventListView.swift */ = {isa = PBXFileReference; lastKnownFileType = sourcecode.swift; path = EventListView.swift; sourceTree = "<group>"; };
		4B0847432C29DC3200319A22 /* EventDetailView.swift */ = {isa = PBXFileReference; lastKnownFileType = sourcecode.swift; path = EventDetailView.swift; sourceTree = "<group>"; };
		4B0847452C29DC4C00319A22 /* CreateEventView.swift */ = {isa = PBXFileReference; lastKnownFileType = sourcecode.swift; path = CreateEventView.swift; sourceTree = "<group>"; };
		4B0847472C29DC5E00319A22 /* QRCodeScannerView.swift */ = {isa = PBXFileReference; lastKnownFileType = sourcecode.swift; path = QRCodeScannerView.swift; sourceTree = "<group>"; };
		4B08474B2C29DCF100319A22 /* ToastView.swift */ = {isa = PBXFileReference; lastKnownFileType = sourcecode.swift; path = ToastView.swift; sourceTree = "<group>"; };
		4B08474F2C29DF5600319A22 /* Cartfile */ = {isa = PBXFileReference; lastKnownFileType = text; path = Cartfile; sourceTree = "<group>"; };
		4BF09F8C2C29F55700BE22E4 /* CouchbaseLiteSwift.xcframework */ = {isa = PBXFileReference; lastKnownFileType = wrapper.xcframework; name = CouchbaseLiteSwift.xcframework; path = Carthage/Build/CouchbaseLiteSwift.xcframework; sourceTree = "<group>"; };
		4BF09F942C29FAF700BE22E4 /* DataBaseManager.swift */ = {isa = PBXFileReference; lastKnownFileType = sourcecode.swift; path = DataBaseManager.swift; sourceTree = "<group>"; };
		4BF09F992C2A0C0000BE22E4 /* Info.plist */ = {isa = PBXFileReference; lastKnownFileType = text.plist.xml; path = Info.plist; sourceTree = "<group>"; };
/* End PBXFileReference section */

/* Begin PBXFrameworksBuildPhase section */
		4B0847292C29DAB700319A22 /* Frameworks */ = {
			isa = PBXFrameworksBuildPhase;
			buildActionMask = 2147483647;
			files = (
				4BF09F962C2A007C00BE22E4 /* CouchbaseLiteSwift.xcframework in Frameworks */,
			);
			runOnlyForDeploymentPostprocessing = 0;
		};
/* End PBXFrameworksBuildPhase section */

/* Begin PBXGroup section */
		4B0847232C29DAB700319A22 = {
			isa = PBXGroup;
			children = (
				4BF09F992C2A0C0000BE22E4 /* Info.plist */,
				4B08474F2C29DF5600319A22 /* Cartfile */,
				4B08472E2C29DAB700319A22 /* bovine-tracker */,
				4B08472D2C29DAB700319A22 /* Products */,
				4B0847512C29E12D00319A22 /* Frameworks */,
			);
			sourceTree = "<group>";
			usesTabs = 0;
		};
		4B08472D2C29DAB700319A22 /* Products */ = {
			isa = PBXGroup;
			children = (
				4B08472C2C29DAB700319A22 /* bovine-tracker.app */,
			);
			name = Products;
			sourceTree = "<group>";
		};
		4B08472E2C29DAB700319A22 /* bovine-tracker */ = {
			isa = PBXGroup;
			children = (
				4B0847562C29E33500319A22 /* repositories */,
				4B0847402C29DC0100319A22 /* views */,
				4B08473D2C29DBB100319A22 /* domains */,
				4B08472F2C29DAB700319A22 /* bovine_trackerApp.swift */,
				4B0847332C29DAB900319A22 /* Assets.xcassets */,
				4B0847352C29DAB900319A22 /* Preview Content */,
			);
			path = "bovine-tracker";
			sourceTree = "<group>";
		};
		4B0847352C29DAB900319A22 /* Preview Content */ = {
			isa = PBXGroup;
			children = (
				4B0847362C29DAB900319A22 /* Preview Assets.xcassets */,
			);
			path = "Preview Content";
			sourceTree = "<group>";
		};
		4B08473D2C29DBB100319A22 /* domains */ = {
			isa = PBXGroup;
			children = (
				4B08473E2C29DBD700319A22 /* Event.swift */,
			);
			path = domains;
			sourceTree = "<group>";
		};
		4B0847402C29DC0100319A22 /* views */ = {
			isa = PBXGroup;
			children = (
				4B0847312C29DAB700319A22 /* ContentView.swift */,
				4B0847412C29DC1D00319A22 /* EventListView.swift */,
				4B0847432C29DC3200319A22 /* EventDetailView.swift */,
				4B0847452C29DC4C00319A22 /* CreateEventView.swift */,
				4B0847472C29DC5E00319A22 /* QRCodeScannerView.swift */,
				4B08474B2C29DCF100319A22 /* ToastView.swift */,
			);
			path = views;
			sourceTree = "<group>";
		};
		4B0847512C29E12D00319A22 /* Frameworks */ = {
			isa = PBXGroup;
			children = (
				4BF09F8C2C29F55700BE22E4 /* CouchbaseLiteSwift.xcframework */,
			);
			name = Frameworks;
			sourceTree = "<group>";
		};
		4B0847562C29E33500319A22 /* repositories */ = {
			isa = PBXGroup;
			children = (
				4BF09F942C29FAF700BE22E4 /* DataBaseManager.swift */,
			);
			path = repositories;
			sourceTree = "<group>";
		};
/* End PBXGroup section */

/* Begin PBXNativeTarget section */
		4B08472B2C29DAB700319A22 /* bovine-tracker */ = {
			isa = PBXNativeTarget;
			buildConfigurationList = 4B08473A2C29DAB900319A22 /* Build configuration list for PBXNativeTarget "bovine-tracker" */;
			buildPhases = (
				4B0847282C29DAB700319A22 /* Sources */,
				4B0847292C29DAB700319A22 /* Frameworks */,
				4B08472A2C29DAB700319A22 /* Resources */,
				4BF09F982C2A007C00BE22E4 /* Embed Frameworks */,
			);
			buildRules = (
			);
			dependencies = (
			);
			name = "bovine-tracker";
			productName = "bovine-tracker";
			productReference = 4B08472C2C29DAB700319A22 /* bovine-tracker.app */;
			productType = "com.apple.product-type.application";
		};
/* End PBXNativeTarget section */

/* Begin PBXProject section */
		4B0847242C29DAB700319A22 /* Project object */ = {
			isa = PBXProject;
			attributes = {
				BuildIndependentTargetsInParallel = 1;
				LastSwiftUpdateCheck = 1540;
				LastUpgradeCheck = 1540;
				TargetAttributes = {
					4B08472B2C29DAB700319A22 = {
						CreatedOnToolsVersion = 15.4;
					};
				};
			};
			buildConfigurationList = 4B0847272C29DAB700319A22 /* Build configuration list for PBXProject "bovine-tracker" */;
			compatibilityVersion = "Xcode 14.0";
			developmentRegion = en;
			hasScannedForEncodings = 0;
			knownRegions = (
				en,
				Base,
			);
			mainGroup = 4B0847232C29DAB700319A22;
			productRefGroup = 4B08472D2C29DAB700319A22 /* Products */;
			projectDirPath = "";
			projectRoot = "";
			targets = (
				4B08472B2C29DAB700319A22 /* bovine-tracker */,
			);
		};
/* End PBXProject section */

/* Begin PBXResourcesBuildPhase section */
		4B08472A2C29DAB700319A22 /* Resources */ = {
			isa = PBXResourcesBuildPhase;
			buildActionMask = 2147483647;
			files = (
				4B0847502C29DF5600319A22 /* Cartfile in Resources */,
				4B0847372C29DAB900319A22 /* Preview Assets.xcassets in Resources */,
				4B0847342C29DAB900319A22 /* Assets.xcassets in Resources */,
			);
			runOnlyForDeploymentPostprocessing = 0;
		};
/* End PBXResourcesBuildPhase section */

/* Begin PBXSourcesBuildPhase section */
		4B0847282C29DAB700319A22 /* Sources */ = {
			isa = PBXSourcesBuildPhase;
			buildActionMask = 2147483647;
			files = (
				4B0847482C29DC5E00319A22 /* QRCodeScannerView.swift in Sources */,
				4B0847322C29DAB700319A22 /* ContentView.swift in Sources */,
				4B0847442C29DC3200319A22 /* EventDetailView.swift in Sources */,
				4BF09F952C29FAF700BE22E4 /* DataBaseManager.swift in Sources */,
				4B08473F2C29DBD700319A22 /* Event.swift in Sources */,
				4B0847462C29DC4C00319A22 /* CreateEventView.swift in Sources */,
				4B0847302C29DAB700319A22 /* bovine_trackerApp.swift in Sources */,
				4B08474C2C29DCF100319A22 /* ToastView.swift in Sources */,
				4B0847422C29DC1D00319A22 /* EventListView.swift in Sources */,
			);
			runOnlyForDeploymentPostprocessing = 0;
		};
/* End PBXSourcesBuildPhase section */

/* Begin XCBuildConfiguration section */
		4B0847382C29DAB900319A22 /* Debug */ = {
			isa = XCBuildConfiguration;
			buildSettings = {
				ALWAYS_SEARCH_USER_PATHS = NO;
				ASSETCATALOG_COMPILER_GENERATE_SWIFT_ASSET_SYMBOL_EXTENSIONS = YES;
				CLANG_ANALYZER_NONNULL = YES;
				CLANG_ANALYZER_NUMBER_OBJECT_CONVERSION = YES_AGGRESSIVE;
				CLANG_CXX_LANGUAGE_STANDARD = "gnu++20";
				CLANG_ENABLE_MODULES = YES;
				CLANG_ENABLE_OBJC_ARC = YES;
				CLANG_ENABLE_OBJC_WEAK = YES;
				CLANG_WARN_BLOCK_CAPTURE_AUTORELEASING = YES;
				CLANG_WARN_BOOL_CONVERSION = YES;
				CLANG_WARN_COMMA = YES;
				CLANG_WARN_CONSTANT_CONVERSION = YES;
				CLANG_WARN_DEPRECATED_OBJC_IMPLEMENTATIONS = YES;
				CLANG_WARN_DIRECT_OBJC_ISA_USAGE = YES_ERROR;
				CLANG_WARN_DOCUMENTATION_COMMENTS = YES;
				CLANG_WARN_EMPTY_BODY = YES;
				CLANG_WARN_ENUM_CONVERSION = YES;
				CLANG_WARN_INFINITE_RECURSION = YES;
				CLANG_WARN_INT_CONVERSION = YES;
				CLANG_WARN_NON_LITERAL_NULL_CONVERSION = YES;
				CLANG_WARN_OBJC_IMPLICIT_RETAIN_SELF = YES;
				CLANG_WARN_OBJC_LITERAL_CONVERSION = YES;
				CLANG_WARN_OBJC_ROOT_CLASS = YES_ERROR;
				CLANG_WARN_QUOTED_INCLUDE_IN_FRAMEWORK_HEADER = YES;
				CLANG_WARN_RANGE_LOOP_ANALYSIS = YES;
				CLANG_WARN_STRICT_PROTOTYPES = YES;
				CLANG_WARN_SUSPICIOUS_MOVE = YES;
				CLANG_WARN_UNGUARDED_AVAILABILITY = YES_AGGRESSIVE;
				CLANG_WARN_UNREACHABLE_CODE = YES;
				CLANG_WARN__DUPLICATE_METHOD_MATCH = YES;
				COPY_PHASE_STRIP = NO;
				DEBUG_INFORMATION_FORMAT = dwarf;
				ENABLE_STRICT_OBJC_MSGSEND = YES;
				ENABLE_TESTABILITY = YES;
				ENABLE_USER_SCRIPT_SANDBOXING = YES;
				GCC_C_LANGUAGE_STANDARD = gnu17;
				GCC_DYNAMIC_NO_PIC = NO;
				GCC_NO_COMMON_BLOCKS = YES;
				GCC_OPTIMIZATION_LEVEL = 0;
				GCC_PREPROCESSOR_DEFINITIONS = (
					"DEBUG=1",
					"$(inherited)",
				);
				GCC_WARN_64_TO_32_BIT_CONVERSION = YES;
				GCC_WARN_ABOUT_RETURN_TYPE = YES_ERROR;
				GCC_WARN_UNDECLARED_SELECTOR = YES;
				GCC_WARN_UNINITIALIZED_AUTOS = YES_AGGRESSIVE;
				GCC_WARN_UNUSED_FUNCTION = YES;
				GCC_WARN_UNUSED_VARIABLE = YES;
				IPHONEOS_DEPLOYMENT_TARGET = 17.5;
				LOCALIZATION_PREFERS_STRING_CATALOGS = YES;
				MTL_ENABLE_DEBUG_INFO = INCLUDE_SOURCE;
				MTL_FAST_MATH = YES;
				ONLY_ACTIVE_ARCH = YES;
				SDKROOT = iphoneos;
				SWIFT_ACTIVE_COMPILATION_CONDITIONS = "DEBUG $(inherited)";
				SWIFT_OPTIMIZATION_LEVEL = "-Onone";
			};
			name = Debug;
		};
		4B0847392C29DAB900319A22 /* Release */ = {
			isa = XCBuildConfiguration;
			buildSettings = {
				ALWAYS_SEARCH_USER_PATHS = NO;
				ASSETCATALOG_COMPILER_GENERATE_SWIFT_ASSET_SYMBOL_EXTENSIONS = YES;
				CLANG_ANALYZER_NONNULL = YES;
				CLANG_ANALYZER_NUMBER_OBJECT_CONVERSION = YES_AGGRESSIVE;
				CLANG_CXX_LANGUAGE_STANDARD = "gnu++20";
				CLANG_ENABLE_MODULES = YES;
				CLANG_ENABLE_OBJC_ARC = YES;
				CLANG_ENABLE_OBJC_WEAK = YES;
				CLANG_WARN_BLOCK_CAPTURE_AUTORELEASING = YES;
				CLANG_WARN_BOOL_CONVERSION = YES;
				CLANG_WARN_COMMA = YES;
				CLANG_WARN_CONSTANT_CONVERSION = YES;
				CLANG_WARN_DEPRECATED_OBJC_IMPLEMENTATIONS = YES;
				CLANG_WARN_DIRECT_OBJC_ISA_USAGE = YES_ERROR;
				CLANG_WARN_DOCUMENTATION_COMMENTS = YES;
				CLANG_WARN_EMPTY_BODY = YES;
				CLANG_WARN_ENUM_CONVERSION = YES;
				CLANG_WARN_INFINITE_RECURSION = YES;
				CLANG_WARN_INT_CONVERSION = YES;
				CLANG_WARN_NON_LITERAL_NULL_CONVERSION = YES;
				CLANG_WARN_OBJC_IMPLICIT_RETAIN_SELF = YES;
				CLANG_WARN_OBJC_LITERAL_CONVERSION = YES;
				CLANG_WARN_OBJC_ROOT_CLASS = YES_ERROR;
				CLANG_WARN_QUOTED_INCLUDE_IN_FRAMEWORK_HEADER = YES;
				CLANG_WARN_RANGE_LOOP_ANALYSIS = YES;
				CLANG_WARN_STRICT_PROTOTYPES = YES;
				CLANG_WARN_SUSPICIOUS_MOVE = YES;
				CLANG_WARN_UNGUARDED_AVAILABILITY = YES_AGGRESSIVE;
				CLANG_WARN_UNREACHABLE_CODE = YES;
				CLANG_WARN__DUPLICATE_METHOD_MATCH = YES;
				COPY_PHASE_STRIP = NO;
				DEBUG_INFORMATION_FORMAT = "dwarf-with-dsym";
				ENABLE_NS_ASSERTIONS = NO;
				ENABLE_STRICT_OBJC_MSGSEND = YES;
				ENABLE_USER_SCRIPT_SANDBOXING = YES;
				GCC_C_LANGUAGE_STANDARD = gnu17;
				GCC_NO_COMMON_BLOCKS = YES;
				GCC_WARN_64_TO_32_BIT_CONVERSION = YES;
				GCC_WARN_ABOUT_RETURN_TYPE = YES_ERROR;
				GCC_WARN_UNDECLARED_SELECTOR = YES;
				GCC_WARN_UNINITIALIZED_AUTOS = YES_AGGRESSIVE;
				GCC_WARN_UNUSED_FUNCTION = YES;
				GCC_WARN_UNUSED_VARIABLE = YES;
				IPHONEOS_DEPLOYMENT_TARGET = 17.5;
				LOCALIZATION_PREFERS_STRING_CATALOGS = YES;
				MTL_ENABLE_DEBUG_INFO = NO;
				MTL_FAST_MATH = YES;
				SDKROOT = iphoneos;
				SWIFT_COMPILATION_MODE = wholemodule;
				VALIDATE_PRODUCT = YES;
			};
			name = Release;
		};
		4B08473B2C29DAB900319A22 /* Debug */ = {
			isa = XCBuildConfiguration;
			buildSettings = {
				ASSETCATALOG_COMPILER_APPICON_NAME = AppIcon;
				ASSETCATALOG_COMPILER_GLOBAL_ACCENT_COLOR_NAME = AccentColor;
				CODE_SIGN_STYLE = Automatic;
				CURRENT_PROJECT_VERSION = 1;
				DEVELOPMENT_ASSET_PATHS = "\"bovine-tracker/Preview Content\"";
				DEVELOPMENT_TEAM = 9VDXPHG9QQ;
				ENABLE_PREVIEWS = YES;
				GENERATE_INFOPLIST_FILE = YES;
				INFOPLIST_KEY_NSCameraUsageDescription = "building a demo app to teach others how to use the barcode scanner.";
				INFOPLIST_KEY_UIApplicationSceneManifest_Generation = YES;
				INFOPLIST_KEY_UIApplicationSupportsIndirectInputEvents = YES;
				INFOPLIST_KEY_UILaunchScreen_Generation = YES;
				INFOPLIST_KEY_UISupportedInterfaceOrientations_iPad = "UIInterfaceOrientationPortrait UIInterfaceOrientationPortraitUpsideDown UIInterfaceOrientationLandscapeLeft UIInterfaceOrientationLandscapeRight";
				INFOPLIST_KEY_UISupportedInterfaceOrientations_iPhone = "UIInterfaceOrientationPortrait UIInterfaceOrientationLandscapeLeft UIInterfaceOrientationLandscapeRight";
				IPHONEOS_DEPLOYMENT_TARGET = 16.3;
				LD_RUNPATH_SEARCH_PATHS = (
					"$(inherited)",
					"@executable_path/Frameworks",
				);
				MARKETING_VERSION = 1.0;
				PRODUCT_BUNDLE_IDENTIFIER = "obouh.bovine-tracker";
				PRODUCT_NAME = "$(TARGET_NAME)";
				SWIFT_EMIT_LOC_STRINGS = YES;
				SWIFT_VERSION = 5.0;
				TARGETED_DEVICE_FAMILY = "1,2";
			};
			name = Debug;
		};
		4B08473C2C29DAB900319A22 /* Release */ = {
			isa = XCBuildConfiguration;
			buildSettings = {
				ASSETCATALOG_COMPILER_APPICON_NAME = AppIcon;
				ASSETCATALOG_COMPILER_GLOBAL_ACCENT_COLOR_NAME = AccentColor;
				CODE_SIGN_STYLE = Automatic;
				CURRENT_PROJECT_VERSION = 1;
				DEVELOPMENT_ASSET_PATHS = "\"bovine-tracker/Preview Content\"";
				DEVELOPMENT_TEAM = 9VDXPHG9QQ;
				ENABLE_PREVIEWS = YES;
				GENERATE_INFOPLIST_FILE = YES;
				INFOPLIST_KEY_NSCameraUsageDescription = "building a demo app to teach others how to use the barcode scanner.";
				INFOPLIST_KEY_UIApplicationSceneManifest_Generation = YES;
				INFOPLIST_KEY_UIApplicationSupportsIndirectInputEvents = YES;
				INFOPLIST_KEY_UILaunchScreen_Generation = YES;
				INFOPLIST_KEY_UISupportedInterfaceOrientations_iPad = "UIInterfaceOrientationPortrait UIInterfaceOrientationPortraitUpsideDown UIInterfaceOrientationLandscapeLeft UIInterfaceOrientationLandscapeRight";
				INFOPLIST_KEY_UISupportedInterfaceOrientations_iPhone = "UIInterfaceOrientationPortrait UIInterfaceOrientationLandscapeLeft UIInterfaceOrientationLandscapeRight";
				IPHONEOS_DEPLOYMENT_TARGET = 16.3;
				LD_RUNPATH_SEARCH_PATHS = (
					"$(inherited)",
					"@executable_path/Frameworks",
				);
				MARKETING_VERSION = 1.0;
				PRODUCT_BUNDLE_IDENTIFIER = "obouh.bovine-tracker";
				PRODUCT_NAME = "$(TARGET_NAME)";
				SWIFT_EMIT_LOC_STRINGS = YES;
				SWIFT_VERSION = 5.0;
				TARGETED_DEVICE_FAMILY = "1,2";
			};
			name = Release;
		};
/* End XCBuildConfiguration section */

/* Begin XCConfigurationList section */
		4B0847272C29DAB700319A22 /* Build configuration list for PBXProject "bovine-tracker" */ = {
			isa = XCConfigurationList;
			buildConfigurations = (
				4B0847382C29DAB900319A22 /* Debug */,
				4B0847392C29DAB900319A22 /* Release */,
			);
			defaultConfigurationIsVisible = 0;
			defaultConfigurationName = Release;
		};
		4B08473A2C29DAB900319A22 /* Build configuration list for PBXNativeTarget "bovine-tracker" */ = {
			isa = XCConfigurationList;
			buildConfigurations = (
				4B08473B2C29DAB900319A22 /* Debug */,
				4B08473C2C29DAB900319A22 /* Release */,
			);
			defaultConfigurationIsVisible = 0;
			defaultConfigurationName = Release;
		};
/* End XCConfigurationList section */
	};
	rootObject = 4B0847242C29DAB700319A22 /* Project object */;
}
